// !$*UTF8*$!
{
	archiveVersion = 1;
	classes = {
	};
	objectVersion = 46;
	objects = {

/* Begin PBXBuildFile section */
		CC7B990B16BB29B10095EF58 /* main.cpp in Sources */ = {isa = PBXBuildFile; fileRef = CC7B990A16BB29B10095EF58 /* main.cpp */; };
		CC7B990D16BB29B10095EF58 /* IRDishControl.1 in CopyFiles */ = {isa = PBXBuildFile; fileRef = CC7B990C16BB29B10095EF58 /* IRDishControl.1 */; };
		CCC9ACE816F8C7800030651C /* libopencv_calib3d.2.4.3.dylib in Frameworks */ = {isa = PBXBuildFile; fileRef = CCC9ACD716F8C7800030651C /* libopencv_calib3d.2.4.3.dylib */; };
		CCC9ACE916F8C7800030651C /* libopencv_contrib.2.4.3.dylib in Frameworks */ = {isa = PBXBuildFile; fileRef = CCC9ACD816F8C7800030651C /* libopencv_contrib.2.4.3.dylib */; };
		CCC9ACEA16F8C7800030651C /* libopencv_core.2.4.3.dylib in Frameworks */ = {isa = PBXBuildFile; fileRef = CCC9ACD916F8C7800030651C /* libopencv_core.2.4.3.dylib */; };
		CCC9ACEB16F8C7800030651C /* libopencv_features2d.2.4.3.dylib in Frameworks */ = {isa = PBXBuildFile; fileRef = CCC9ACDA16F8C7800030651C /* libopencv_features2d.2.4.3.dylib */; };
		CCC9ACEC16F8C7800030651C /* libopencv_flann.2.4.3.dylib in Frameworks */ = {isa = PBXBuildFile; fileRef = CCC9ACDB16F8C7800030651C /* libopencv_flann.2.4.3.dylib */; };
		CCC9ACED16F8C7800030651C /* libopencv_gpu.2.4.3.dylib in Frameworks */ = {isa = PBXBuildFile; fileRef = CCC9ACDC16F8C7800030651C /* libopencv_gpu.2.4.3.dylib */; };
		CCC9ACEE16F8C7800030651C /* libopencv_highgui.2.4.3.dylib in Frameworks */ = {isa = PBXBuildFile; fileRef = CCC9ACDD16F8C7800030651C /* libopencv_highgui.2.4.3.dylib */; };
		CCC9ACEF16F8C7800030651C /* libopencv_imgproc.2.4.3.dylib in Frameworks */ = {isa = PBXBuildFile; fileRef = CCC9ACDE16F8C7800030651C /* libopencv_imgproc.2.4.3.dylib */; };
		CCC9ACF016F8C7800030651C /* libopencv_legacy.2.4.3.dylib in Frameworks */ = {isa = PBXBuildFile; fileRef = CCC9ACDF16F8C7800030651C /* libopencv_legacy.2.4.3.dylib */; };
		CCC9ACF116F8C7800030651C /* libopencv_ml.2.4.3.dylib in Frameworks */ = {isa = PBXBuildFile; fileRef = CCC9ACE016F8C7800030651C /* libopencv_ml.2.4.3.dylib */; };
		CCC9ACF216F8C7800030651C /* libopencv_nonfree.2.4.3.dylib in Frameworks */ = {isa = PBXBuildFile; fileRef = CCC9ACE116F8C7800030651C /* libopencv_nonfree.2.4.3.dylib */; };
		CCC9ACF316F8C7800030651C /* libopencv_objdetect.2.4.3.dylib in Frameworks */ = {isa = PBXBuildFile; fileRef = CCC9ACE216F8C7800030651C /* libopencv_objdetect.2.4.3.dylib */; };
		CCC9ACF416F8C7800030651C /* libopencv_photo.2.4.3.dylib in Frameworks */ = {isa = PBXBuildFile; fileRef = CCC9ACE316F8C7800030651C /* libopencv_photo.2.4.3.dylib */; };
		CCC9ACF516F8C7800030651C /* libopencv_stitching.2.4.3.dylib in Frameworks */ = {isa = PBXBuildFile; fileRef = CCC9ACE416F8C7800030651C /* libopencv_stitching.2.4.3.dylib */; };
		CCC9ACF616F8C7800030651C /* libopencv_ts.2.4.3.dylib in Frameworks */ = {isa = PBXBuildFile; fileRef = CCC9ACE516F8C7800030651C /* libopencv_ts.2.4.3.dylib */; };
		CCC9ACF716F8C7800030651C /* libopencv_video.2.4.3.dylib in Frameworks */ = {isa = PBXBuildFile; fileRef = CCC9ACE616F8C7800030651C /* libopencv_video.2.4.3.dylib */; };
		CCC9ACF816F8C7800030651C /* libopencv_videostab.2.4.3.dylib in Frameworks */ = {isa = PBXBuildFile; fileRef = CCC9ACE716F8C7800030651C /* libopencv_videostab.2.4.3.dylib */; };
/* End PBXBuildFile section */

/* Begin PBXCopyFilesBuildPhase section */
		CC7B990416BB29B10095EF58 /* CopyFiles */ = {
			isa = PBXCopyFilesBuildPhase;
			buildActionMask = 2147483647;
			dstPath = /usr/share/man/man1/;
			dstSubfolderSpec = 0;
			files = (
				CC7B990D16BB29B10095EF58 /* IRDishControl.1 in CopyFiles */,
			);
			runOnlyForDeploymentPostprocessing = 1;
		};
/* End PBXCopyFilesBuildPhase section */

/* Begin PBXFileReference section */
		CC7B990616BB29B10095EF58 /* IRDishControl */ = {isa = PBXFileReference; explicitFileType = "compiled.mach-o.executable"; includeInIndex = 0; path = IRDishControl; sourceTree = BUILT_PRODUCTS_DIR; };
		CC7B990A16BB29B10095EF58 /* main.cpp */ = {isa = PBXFileReference; lastKnownFileType = sourcecode.cpp.cpp; path = main.cpp; sourceTree = "<group>"; };
		CC7B990C16BB29B10095EF58 /* IRDishControl.1 */ = {isa = PBXFileReference; lastKnownFileType = text.man; path = IRDishControl.1; sourceTree = "<group>"; };
		CCC9ACD716F8C7800030651C /* libopencv_calib3d.2.4.3.dylib */ = {isa = PBXFileReference; lastKnownFileType = "compiled.mach-o.dylib"; path = libopencv_calib3d.2.4.3.dylib; sourceTree = "<group>"; };
		CCC9ACD816F8C7800030651C /* libopencv_contrib.2.4.3.dylib */ = {isa = PBXFileReference; lastKnownFileType = "compiled.mach-o.dylib"; path = libopencv_contrib.2.4.3.dylib; sourceTree = "<group>"; };
		CCC9ACD916F8C7800030651C /* libopencv_core.2.4.3.dylib */ = {isa = PBXFileReference; lastKnownFileType = "compiled.mach-o.dylib"; path = libopencv_core.2.4.3.dylib; sourceTree = "<group>"; };
		CCC9ACDA16F8C7800030651C /* libopencv_features2d.2.4.3.dylib */ = {isa = PBXFileReference; lastKnownFileType = "compiled.mach-o.dylib"; path = libopencv_features2d.2.4.3.dylib; sourceTree = "<group>"; };
		CCC9ACDB16F8C7800030651C /* libopencv_flann.2.4.3.dylib */ = {isa = PBXFileReference; lastKnownFileType = "compiled.mach-o.dylib"; path = libopencv_flann.2.4.3.dylib; sourceTree = "<group>"; };
		CCC9ACDC16F8C7800030651C /* libopencv_gpu.2.4.3.dylib */ = {isa = PBXFileReference; lastKnownFileType = "compiled.mach-o.dylib"; path = libopencv_gpu.2.4.3.dylib; sourceTree = "<group>"; };
		CCC9ACDD16F8C7800030651C /* libopencv_highgui.2.4.3.dylib */ = {isa = PBXFileReference; lastKnownFileType = "compiled.mach-o.dylib"; path = libopencv_highgui.2.4.3.dylib; sourceTree = "<group>"; };
		CCC9ACDE16F8C7800030651C /* libopencv_imgproc.2.4.3.dylib */ = {isa = PBXFileReference; lastKnownFileType = "compiled.mach-o.dylib"; path = libopencv_imgproc.2.4.3.dylib; sourceTree = "<group>"; };
		CCC9ACDF16F8C7800030651C /* libopencv_legacy.2.4.3.dylib */ = {isa = PBXFileReference; lastKnownFileType = "compiled.mach-o.dylib"; path = libopencv_legacy.2.4.3.dylib; sourceTree = "<group>"; };
		CCC9ACE016F8C7800030651C /* libopencv_ml.2.4.3.dylib */ = {isa = PBXFileReference; lastKnownFileType = "compiled.mach-o.dylib"; path = libopencv_ml.2.4.3.dylib; sourceTree = "<group>"; };
		CCC9ACE116F8C7800030651C /* libopencv_nonfree.2.4.3.dylib */ = {isa = PBXFileReference; lastKnownFileType = "compiled.mach-o.dylib"; path = libopencv_nonfree.2.4.3.dylib; sourceTree = "<group>"; };
		CCC9ACE216F8C7800030651C /* libopencv_objdetect.2.4.3.dylib */ = {isa = PBXFileReference; lastKnownFileType = "compiled.mach-o.dylib"; path = libopencv_objdetect.2.4.3.dylib; sourceTree = "<group>"; };
		CCC9ACE316F8C7800030651C /* libopencv_photo.2.4.3.dylib */ = {isa = PBXFileReference; lastKnownFileType = "compiled.mach-o.dylib"; path = libopencv_photo.2.4.3.dylib; sourceTree = "<group>"; };
		CCC9ACE416F8C7800030651C /* libopencv_stitching.2.4.3.dylib */ = {isa = PBXFileReference; lastKnownFileType = "compiled.mach-o.dylib"; path = libopencv_stitching.2.4.3.dylib; sourceTree = "<group>"; };
		CCC9ACE516F8C7800030651C /* libopencv_ts.2.4.3.dylib */ = {isa = PBXFileReference; lastKnownFileType = "compiled.mach-o.dylib"; path = libopencv_ts.2.4.3.dylib; sourceTree = "<group>"; };
		CCC9ACE616F8C7800030651C /* libopencv_video.2.4.3.dylib */ = {isa = PBXFileReference; lastKnownFileType = "compiled.mach-o.dylib"; path = libopencv_video.2.4.3.dylib; sourceTree = "<group>"; };
		CCC9ACE716F8C7800030651C /* libopencv_videostab.2.4.3.dylib */ = {isa = PBXFileReference; lastKnownFileType = "compiled.mach-o.dylib"; path = libopencv_videostab.2.4.3.dylib; sourceTree = "<group>"; };
		CCDA34A216E47F2F00DCD015 /* haarcascade_upperbody.xml */ = {isa = PBXFileReference; lastKnownFileType = text.xml; path = haarcascade_upperbody.xml; sourceTree = SOURCE_ROOT; };
/* End PBXFileReference section */

/* Begin PBXFrameworksBuildPhase section */
		CC7B990316BB29B10095EF58 /* Frameworks */ = {
			isa = PBXFrameworksBuildPhase;
			buildActionMask = 2147483647;
			files = (
				CCC9ACE816F8C7800030651C /* libopencv_calib3d.2.4.3.dylib in Frameworks */,
				CCC9ACE916F8C7800030651C /* libopencv_contrib.2.4.3.dylib in Frameworks */,
				CCC9ACEA16F8C7800030651C /* libopencv_core.2.4.3.dylib in Frameworks */,
				CCC9ACEB16F8C7800030651C /* libopencv_features2d.2.4.3.dylib in Frameworks */,
				CCC9ACEC16F8C7800030651C /* libopencv_flann.2.4.3.dylib in Frameworks */,
				CCC9ACED16F8C7800030651C /* libopencv_gpu.2.4.3.dylib in Frameworks */,
				CCC9ACEE16F8C7800030651C /* libopencv_highgui.2.4.3.dylib in Frameworks */,
				CCC9ACEF16F8C7800030651C /* libopencv_imgproc.2.4.3.dylib in Frameworks */,
				CCC9ACF016F8C7800030651C /* libopencv_legacy.2.4.3.dylib in Frameworks */,
				CCC9ACF116F8C7800030651C /* libopencv_ml.2.4.3.dylib in Frameworks */,
				CCC9ACF216F8C7800030651C /* libopencv_nonfree.2.4.3.dylib in Frameworks */,
				CCC9ACF316F8C7800030651C /* libopencv_objdetect.2.4.3.dylib in Frameworks */,
				CCC9ACF416F8C7800030651C /* libopencv_photo.2.4.3.dylib in Frameworks */,
				CCC9ACF516F8C7800030651C /* libopencv_stitching.2.4.3.dylib in Frameworks */,
				CCC9ACF616F8C7800030651C /* libopencv_ts.2.4.3.dylib in Frameworks */,
				CCC9ACF716F8C7800030651C /* libopencv_video.2.4.3.dylib in Frameworks */,
				CCC9ACF816F8C7800030651C /* libopencv_videostab.2.4.3.dylib in Frameworks */,
			);
			runOnlyForDeploymentPostprocessing = 0;
		};
/* End PBXFrameworksBuildPhase section */

/* Begin PBXGroup section */
		CC7B98FB16BB29B10095EF58 = {
			isa = PBXGroup;
			children = (
				CCC9ACF916F8C78E0030651C /* opencvLibFiles */,
				CC7B990916BB29B10095EF58 /* IRDishControl */,
				CC7B990716BB29B10095EF58 /* Products */,
				CCDA34A216E47F2F00DCD015 /* haarcascade_upperbody.xml */,
			);
			sourceTree = "<group>";
		};
		CC7B990716BB29B10095EF58 /* Products */ = {
			isa = PBXGroup;
			children = (
				CC7B990616BB29B10095EF58 /* IRDishControl */,
			);
			name = Products;
			sourceTree = "<group>";
		};
		CC7B990916BB29B10095EF58 /* IRDishControl */ = {
			isa = PBXGroup;
			children = (
				CC7B990A16BB29B10095EF58 /* main.cpp */,
				CC7B990C16BB29B10095EF58 /* IRDishControl.1 */,
			);
			path = IRDishControl;
			sourceTree = "<group>";
		};
		CCC9ACF916F8C78E0030651C /* opencvLibFiles */ = {
			isa = PBXGroup;
			children = (
				CCC9ACD716F8C7800030651C /* libopencv_calib3d.2.4.3.dylib */,
				CCC9ACD816F8C7800030651C /* libopencv_contrib.2.4.3.dylib */,
				CCC9ACD916F8C7800030651C /* libopencv_core.2.4.3.dylib */,
				CCC9ACDA16F8C7800030651C /* libopencv_features2d.2.4.3.dylib */,
				CCC9ACDB16F8C7800030651C /* libopencv_flann.2.4.3.dylib */,
				CCC9ACDC16F8C7800030651C /* libopencv_gpu.2.4.3.dylib */,
				CCC9ACDD16F8C7800030651C /* libopencv_highgui.2.4.3.dylib */,
				CCC9ACDE16F8C7800030651C /* libopencv_imgproc.2.4.3.dylib */,
				CCC9ACDF16F8C7800030651C /* libopencv_legacy.2.4.3.dylib */,
				CCC9ACE016F8C7800030651C /* libopencv_ml.2.4.3.dylib */,
				CCC9ACE116F8C7800030651C /* libopencv_nonfree.2.4.3.dylib */,
				CCC9ACE216F8C7800030651C /* libopencv_objdetect.2.4.3.dylib */,
				CCC9ACE316F8C7800030651C /* libopencv_photo.2.4.3.dylib */,
				CCC9ACE416F8C7800030651C /* libopencv_stitching.2.4.3.dylib */,
				CCC9ACE516F8C7800030651C /* libopencv_ts.2.4.3.dylib */,
				CCC9ACE616F8C7800030651C /* libopencv_video.2.4.3.dylib */,
				CCC9ACE716F8C7800030651C /* libopencv_videostab.2.4.3.dylib */,
			);
			name = opencvLibFiles;
			sourceTree = "<group>";
		};
/* End PBXGroup section */

/* Begin PBXNativeTarget section */
		CC7B990516BB29B10095EF58 /* IRDishControl */ = {
			isa = PBXNativeTarget;
			buildConfigurationList = CC7B991016BB29B10095EF58 /* Build configuration list for PBXNativeTarget "IRDishControl" */;
			buildPhases = (
				CC7B990216BB29B10095EF58 /* Sources */,
				CC7B990316BB29B10095EF58 /* Frameworks */,
				CC7B990416BB29B10095EF58 /* CopyFiles */,
			);
			buildRules = (
			);
			dependencies = (
			);
			name = IRDishControl;
			productName = IRDishControl;
			productReference = CC7B990616BB29B10095EF58 /* IRDishControl */;
			productType = "com.apple.product-type.tool";
		};
/* End PBXNativeTarget section */

/* Begin PBXProject section */
		CC7B98FD16BB29B10095EF58 /* Project object */ = {
			isa = PBXProject;
			attributes = {
				LastUpgradeCheck = 0460;
				ORGANIZATIONNAME = Matthias;
			};
			buildConfigurationList = CC7B990016BB29B10095EF58 /* Build configuration list for PBXProject "IRDishControl" */;
			compatibilityVersion = "Xcode 3.2";
			developmentRegion = English;
			hasScannedForEncodings = 0;
			knownRegions = (
				en,
			);
			mainGroup = CC7B98FB16BB29B10095EF58;
			productRefGroup = CC7B990716BB29B10095EF58 /* Products */;
			projectDirPath = "";
			projectRoot = "";
			targets = (
				CC7B990516BB29B10095EF58 /* IRDishControl */,
			);
		};
/* End PBXProject section */

/* Begin PBXSourcesBuildPhase section */
		CC7B990216BB29B10095EF58 /* Sources */ = {
			isa = PBXSourcesBuildPhase;
			buildActionMask = 2147483647;
			files = (
				CC7B990B16BB29B10095EF58 /* main.cpp in Sources */,
			);
			runOnlyForDeploymentPostprocessing = 0;
		};
/* End PBXSourcesBuildPhase section */

/* Begin XCBuildConfiguration section */
		CC7B990E16BB29B10095EF58 /* Debug */ = {
			isa = XCBuildConfiguration;
			buildSettings = {
				ALWAYS_SEARCH_USER_PATHS = NO;
				ARCHS = "$(ARCHS_STANDARD_64_BIT)";
				CLANG_CXX_LANGUAGE_STANDARD = "gnu++0x";
				CLANG_CXX_LIBRARY = "libc++";
				CLANG_ENABLE_OBJC_ARC = YES;
				CLANG_WARN_EMPTY_BODY = YES;
				CLANG_WARN__DUPLICATE_METHOD_MATCH = YES;
				COPY_PHASE_STRIP = NO;
				GCC_C_LANGUAGE_STANDARD = gnu99;
				GCC_DYNAMIC_NO_PIC = NO;
				GCC_ENABLE_OBJC_EXCEPTIONS = YES;
				GCC_OPTIMIZATION_LEVEL = 0;
				GCC_PREPROCESSOR_DEFINITIONS = (
					"DEBUG=1",
					"$(inherited)",
				);
				GCC_SYMBOLS_PRIVATE_EXTERN = NO;
				GCC_WARN_64_TO_32_BIT_CONVERSION = YES;
				GCC_WARN_ABOUT_RETURN_TYPE = YES;
				GCC_WARN_UNINITIALIZED_AUTOS = YES;
				GCC_WARN_UNUSED_VARIABLE = YES;
				HEADER_SEARCH_PATHS = /usr/local/include;
				LIBRARY_SEARCH_PATHS = /usr/local/lib;
				MACOSX_DEPLOYMENT_TARGET = 10.8;
				ONLY_ACTIVE_ARCH = YES;
				SDKROOT = macosx;
			};
			name = Debug;
		};
		CC7B990F16BB29B10095EF58 /* Release */ = {
			isa = XCBuildConfiguration;
			buildSettings = {
				ALWAYS_SEARCH_USER_PATHS = NO;
				ARCHS = "$(ARCHS_STANDARD_64_BIT)";
				CLANG_CXX_LANGUAGE_STANDARD = "gnu++0x";
				CLANG_CXX_LIBRARY = "libc++";
				CLANG_ENABLE_OBJC_ARC = YES;
				CLANG_WARN_EMPTY_BODY = YES;
				CLANG_WARN__DUPLICATE_METHOD_MATCH = YES;
				COPY_PHASE_STRIP = YES;
				DEBUG_INFORMATION_FORMAT = "dwarf-with-dsym";
				GCC_C_LANGUAGE_STANDARD = gnu99;
				GCC_ENABLE_OBJC_EXCEPTIONS = YES;
				GCC_WARN_64_TO_32_BIT_CONVERSION = YES;
				GCC_WARN_ABOUT_RETURN_TYPE = YES;
				GCC_WARN_UNINITIALIZED_AUTOS = YES;
				GCC_WARN_UNUSED_VARIABLE = YES;
				HEADER_SEARCH_PATHS = /usr/local/include;
				LIBRARY_SEARCH_PATHS = /usr/local/lib;
				MACOSX_DEPLOYMENT_TARGET = 10.8;
				SDKROOT = macosx;
			};
			name = Release;
		};
		CC7B991116BB29B10095EF58 /* Debug */ = {
			isa = XCBuildConfiguration;
			buildSettings = {
				GCC_VERSION = com.apple.compilers.llvmgcc42;
				HEADER_SEARCH_PATHS = /usr/local/include;
				INSTALL_PATH = /usr/bin;
				LIBRARY_SEARCH_PATHS = (
					/usr/local/lib,
					"\"$(SRCROOT)\"",
				);
				PRODUCT_NAME = "$(TARGET_NAME)";
			};
			name = Debug;
		};
		CC7B991216BB29B10095EF58 /* Release */ = {
			isa = XCBuildConfiguration;
			buildSettings = {
				GCC_VERSION = com.apple.compilers.llvmgcc42;
				HEADER_SEARCH_PATHS = /usr/local/include;
				INSTALL_PATH = /usr/bin;
				LIBRARY_SEARCH_PATHS = (
					/usr/local/lib,
					"\"$(SRCROOT)\"",
				);
				PRODUCT_NAME = "$(TARGET_NAME)";
			};
			name = Release;
		};
/* End XCBuildConfiguration section */

/* Begin XCConfigurationList section */
		CC7B990016BB29B10095EF58 /* Build configuration list for PBXProject "IRDishControl" */ = {
			isa = XCConfigurationList;
			buildConfigurations = (
				CC7B990E16BB29B10095EF58 /* Debug */,
				CC7B990F16BB29B10095EF58 /* Release */,
			);
			defaultConfigurationIsVisible = 0;
			defaultConfigurationName = Release;
		};
		CC7B991016BB29B10095EF58 /* Build configuration list for PBXNativeTarget "IRDishControl" */ = {
			isa = XCConfigurationList;
			buildConfigurations = (
				CC7B991116BB29B10095EF58 /* Debug */,
				CC7B991216BB29B10095EF58 /* Release */,
			);
			defaultConfigurationIsVisible = 0;
			defaultConfigurationName = Release;
		};
/* End XCConfigurationList section */
	};
	rootObject = CC7B98FD16BB29B10095EF58 /* Project object */;
}
